
Microsoft Visual Studio Solution File, Format Version 12.00
# Visual Studio Version 17
VisualStudioVersion = 17.0.31903.59
MinimumVisualStudioVersion = 10.0.40219.1
Project("{2150E333-8FDC-42A3-9474-1A3956D46DE8}") = "src", "src", "{048E4B11-4EAA-4031-8DFF-C6BAF421B9A6}"
EndProject
Project("{FAE04EC0-301F-11D3-BF4B-00C04F79EFBC}") = "MyAdmin.Core", "src\MyAdmin.Core\MyAdmin.Core.csproj", "{A25A3783-F3AE-49E9-B796-24055D89309B}"
EndProject
Project("{FAE04EC0-301F-11D3-BF4B-00C04F79EFBC}") = "MyAdmin.ApiHost", "src\MyAdmin.ApiHost\MyAdmin.ApiHost.csproj", "{CD5A8607-DDBF-4723-87E3-00977190A9B4}"
EndProject
Global
	GlobalSection(SolutionConfigurationPlatforms) = preSolution
		Debug|Any CPU = Debug|Any CPU
		Release|Any CPU = Release|Any CPU
	EndGlobalSection
	GlobalSection(ProjectConfigurationPlatforms) = postSolution
		{A25A3783-F3AE-49E9-B796-24055D89309B}.Debug|Any CPU.ActiveCfg = Debug|Any CPU
		{A25A3783-F3AE-49E9-B796-24055D89309B}.Debug|Any CPU.Build.0 = Debug|Any CPU
		{A25A3783-F3AE-49E9-B796-24055D89309B}.Release|Any CPU.ActiveCfg = Release|Any CPU
		{A25A3783-F3AE-49E9-B796-24055D89309B}.Release|Any CPU.Build.0 = Release|Any CPU
		{CD5A8607-DDBF-4723-87E3-00977190A9B4}.Debug|Any CPU.ActiveCfg = Debug|Any CPU
		{CD5A8607-DDBF-4723-87E3-00977190A9B4}.Debug|Any CPU.Build.0 = Debug|Any CPU
		{CD5A8607-DDBF-4723-87E3-00977190A9B4}.Release|Any CPU.ActiveCfg = Release|Any CPU
		{CD5A8607-DDBF-4723-87E3-00977190A9B4}.Release|Any CPU.Build.0 = Release|Any CPU
	EndGlobalSection
	GlobalSection(SolutionProperties) = preSolution
		HideSolutionNode = FALSE
	EndGlobalSection
	GlobalSection(NestedProjects) = preSolution
		{A25A3783-F3AE-49E9-B796-24055D89309B} = {048E4B11-4EAA-4031-8DFF-C6BAF421B9A6}
		{CD5A8607-DDBF-4723-87E3-00977190A9B4} = {048E4B11-4EAA-4031-8DFF-C6BAF421B9A6}
	EndGlobalSection
EndGlobal
